// !$*UTF8*$!
{
	archiveVersion = 1;
	classes = {
	};
	objectVersion = 56;
	objects = {

/* Begin PBXBuildFile section */
		B304E33628DB65590022CC84 /* main.swift in Sources */ = {isa = PBXBuildFile; fileRef = B304E33528DB65590022CC84 /* main.swift */; };
		B31255C428EDDC9200AE8E5B /* KMeans.swift in Sources */ = {isa = PBXBuildFile; fileRef = B31255C328EDDC9200AE8E5B /* KMeans.swift */; };
		B31255C728EDDCC200AE8E5B /* KMeansModels.swift in Sources */ = {isa = PBXBuildFile; fileRef = B31255C628EDDCC200AE8E5B /* KMeansModels.swift */; };
		B31255C928EDE0BB00AE8E5B /* GetData.swift in Sources */ = {isa = PBXBuildFile; fileRef = B31255C828EDE0BB00AE8E5B /* GetData.swift */; };
		B31255CE28EDE79C00AE8E5B /* CSV in Frameworks */ = {isa = PBXBuildFile; productRef = B31255CD28EDE79C00AE8E5B /* CSV */; };
		B336E74C2937998800258382 /* TicTacToeApp.swift in Sources */ = {isa = PBXBuildFile; fileRef = B336E74B2937998800258382 /* TicTacToeApp.swift */; };
		B336E74E2937998800258382 /* ContentView.swift in Sources */ = {isa = PBXBuildFile; fileRef = B336E74D2937998800258382 /* ContentView.swift */; };
		B336E7502937998900258382 /* Assets.xcassets in Resources */ = {isa = PBXBuildFile; fileRef = B336E74F2937998900258382 /* Assets.xcassets */; };
		B336E7532937998900258382 /* Preview Assets.xcassets in Resources */ = {isa = PBXBuildFile; fileRef = B336E7522937998900258382 /* Preview Assets.xcassets */; };
		B336E75A29379A4400258382 /* FieldView.swift in Sources */ = {isa = PBXBuildFile; fileRef = B336E75929379A4400258382 /* FieldView.swift */; };
		B3BE54CF292015C800181ABD /* SchellingModelApp.swift in Sources */ = {isa = PBXBuildFile; fileRef = B3BE54CE292015C800181ABD /* SchellingModelApp.swift */; };
		B3BE54D1292015C800181ABD /* ContentView.swift in Sources */ = {isa = PBXBuildFile; fileRef = B3BE54D0292015C800181ABD /* ContentView.swift */; };
		B3BE54D3292015C900181ABD /* Assets.xcassets in Resources */ = {isa = PBXBuildFile; fileRef = B3BE54D2292015C900181ABD /* Assets.xcassets */; };
		B3BE54D6292015C900181ABD /* Preview Assets.xcassets in Resources */ = {isa = PBXBuildFile; fileRef = B3BE54D5292015C900181ABD /* Preview Assets.xcassets */; };
		B3D4667229251F3B00D4FFCC /* Graph.swift in Sources */ = {isa = PBXBuildFile; fileRef = B3D4667129251F3B00D4FFCC /* Graph.swift */; };
		B3F64C9B2911A174007D114D /* VkGraph.swift in Sources */ = {isa = PBXBuildFile; fileRef = B3F64C9A2911A174007D114D /* VkGraph.swift */; };
		B3F64C9D2911A18A007D114D /* VkGraphModels.swift in Sources */ = {isa = PBXBuildFile; fileRef = B3F64C9C2911A18A007D114D /* VkGraphModels.swift */; };
		B3F64CA02911A221007D114D /* Alamofire in Frameworks */ = {isa = PBXBuildFile; productRef = B3F64C9F2911A221007D114D /* Alamofire */; };
		B3F64CA22911A244007D114D /* NetworkService.swift in Sources */ = {isa = PBXBuildFile; fileRef = B3F64CA12911A244007D114D /* NetworkService.swift */; };
		B3F64CA42911A2D6007D114D /* NetworkModels.swift in Sources */ = {isa = PBXBuildFile; fileRef = B3F64CA32911A2D6007D114D /* NetworkModels.swift */; };
/* End PBXBuildFile section */

/* Begin PBXCopyFilesBuildPhase section */
		B304E33028DB65590022CC84 /* CopyFiles */ = {
			isa = PBXCopyFilesBuildPhase;
			buildActionMask = 2147483647;
			dstPath = /usr/share/man/man1/;
			dstSubfolderSpec = 0;
			files = (
			);
			runOnlyForDeploymentPostprocessing = 1;
		};
/* End PBXCopyFilesBuildPhase section */

/* Begin PBXFileReference section */
		B304E33228DB65590022CC84 /* IS&T */ = {isa = PBXFileReference; explicitFileType = "compiled.mach-o.executable"; includeInIndex = 0; path = "IS&T"; sourceTree = BUILT_PRODUCTS_DIR; };
		B304E33528DB65590022CC84 /* main.swift */ = {isa = PBXFileReference; lastKnownFileType = sourcecode.swift; path = main.swift; sourceTree = "<group>"; };
		B31255C328EDDC9200AE8E5B /* KMeans.swift */ = {isa = PBXFileReference; lastKnownFileType = sourcecode.swift; path = KMeans.swift; sourceTree = "<group>"; };
		B31255C628EDDCC200AE8E5B /* KMeansModels.swift */ = {isa = PBXFileReference; lastKnownFileType = sourcecode.swift; path = KMeansModels.swift; sourceTree = "<group>"; };
		B31255C828EDE0BB00AE8E5B /* GetData.swift */ = {isa = PBXFileReference; lastKnownFileType = sourcecode.swift; path = GetData.swift; sourceTree = "<group>"; };
		B31255CB28EDE38A00AE8E5B /* DataSetKMeans.csv */ = {isa = PBXFileReference; fileEncoding = 4; lastKnownFileType = text; path = DataSetKMeans.csv; sourceTree = "<group>"; };
		B336E7492937998800258382 /* TicTacToe.app */ = {isa = PBXFileReference; explicitFileType = wrapper.application; includeInIndex = 0; path = TicTacToe.app; sourceTree = BUILT_PRODUCTS_DIR; };
		B336E74B2937998800258382 /* TicTacToeApp.swift */ = {isa = PBXFileReference; lastKnownFileType = sourcecode.swift; path = TicTacToeApp.swift; sourceTree = "<group>"; };
		B336E74D2937998800258382 /* ContentView.swift */ = {isa = PBXFileReference; lastKnownFileType = sourcecode.swift; path = ContentView.swift; sourceTree = "<group>"; };
		B336E74F2937998900258382 /* Assets.xcassets */ = {isa = PBXFileReference; lastKnownFileType = folder.assetcatalog; path = Assets.xcassets; sourceTree = "<group>"; };
		B336E7522937998900258382 /* Preview Assets.xcassets */ = {isa = PBXFileReference; lastKnownFileType = folder.assetcatalog; path = "Preview Assets.xcassets"; sourceTree = "<group>"; };
		B336E7542937998900258382 /* TicTacToe.entitlements */ = {isa = PBXFileReference; lastKnownFileType = text.plist.entitlements; path = TicTacToe.entitlements; sourceTree = "<group>"; };
		B336E75929379A4400258382 /* FieldView.swift */ = {isa = PBXFileReference; lastKnownFileType = sourcecode.swift; path = FieldView.swift; sourceTree = "<group>"; };
		B3BD1EA1290053C400AFBE13 /* README.md */ = {isa = PBXFileReference; fileEncoding = 4; lastKnownFileType = net.daringfireball.markdown; path = README.md; sourceTree = SOURCE_ROOT; };
		B3BE54CC292015C800181ABD /* Task 3 - Schelling's model.app */ = {isa = PBXFileReference; explicitFileType = wrapper.application; includeInIndex = 0; path = "Task 3 - Schelling's model.app"; sourceTree = BUILT_PRODUCTS_DIR; };
		B3BE54CE292015C800181ABD /* SchellingModelApp.swift */ = {isa = PBXFileReference; lastKnownFileType = sourcecode.swift; path = SchellingModelApp.swift; sourceTree = "<group>"; };
		B3BE54D0292015C800181ABD /* ContentView.swift */ = {isa = PBXFileReference; lastKnownFileType = sourcecode.swift; path = ContentView.swift; sourceTree = "<group>"; };
		B3BE54D2292015C900181ABD /* Assets.xcassets */ = {isa = PBXFileReference; lastKnownFileType = folder.assetcatalog; path = Assets.xcassets; sourceTree = "<group>"; };
		B3BE54D5292015C900181ABD /* Preview Assets.xcassets */ = {isa = PBXFileReference; lastKnownFileType = folder.assetcatalog; path = "Preview Assets.xcassets"; sourceTree = "<group>"; };
		B3BE54D7292015C900181ABD /* Task_3___Schelling_s_model.entitlements */ = {isa = PBXFileReference; lastKnownFileType = text.plist.entitlements; path = "Task_3___Schelling_s_model.entitlements"; sourceTree = "<group>"; };
		B3D4667129251F3B00D4FFCC /* Graph.swift */ = {isa = PBXFileReference; lastKnownFileType = sourcecode.swift; path = Graph.swift; sourceTree = "<group>"; };
		B3F64C9A2911A174007D114D /* VkGraph.swift */ = {isa = PBXFileReference; lastKnownFileType = sourcecode.swift; path = VkGraph.swift; sourceTree = "<group>"; };
		B3F64C9C2911A18A007D114D /* VkGraphModels.swift */ = {isa = PBXFileReference; lastKnownFileType = sourcecode.swift; path = VkGraphModels.swift; sourceTree = "<group>"; };
		B3F64CA12911A244007D114D /* NetworkService.swift */ = {isa = PBXFileReference; lastKnownFileType = sourcecode.swift; path = NetworkService.swift; sourceTree = "<group>"; };
		B3F64CA32911A2D6007D114D /* NetworkModels.swift */ = {isa = PBXFileReference; lastKnownFileType = sourcecode.swift; path = NetworkModels.swift; sourceTree = "<group>"; };
/* End PBXFileReference section */

/* Begin PBXFrameworksBuildPhase section */
		B304E32F28DB65590022CC84 /* Frameworks */ = {
			isa = PBXFrameworksBuildPhase;
			buildActionMask = 2147483647;
			files = (
				B31255CE28EDE79C00AE8E5B /* CSV in Frameworks */,
				B3F64CA02911A221007D114D /* Alamofire in Frameworks */,
			);
			runOnlyForDeploymentPostprocessing = 0;
		};
		B336E7462937998800258382 /* Frameworks */ = {
			isa = PBXFrameworksBuildPhase;
			buildActionMask = 2147483647;
			files = (
			);
			runOnlyForDeploymentPostprocessing = 0;
		};
		B3BE54C9292015C800181ABD /* Frameworks */ = {
			isa = PBXFrameworksBuildPhase;
			buildActionMask = 2147483647;
			files = (
			);
			runOnlyForDeploymentPostprocessing = 0;
		};
/* End PBXFrameworksBuildPhase section */

/* Begin PBXGroup section */
		B304E32928DB65590022CC84 = {
			isa = PBXGroup;
			children = (
				B336E74A2937998800258382 /* TicTacToe */,
				B3F64C982911A123007D114D /* Task 2 - vkGraph */,
				B3BD1EA02900413D00AFBE13 /* Task 1 - kMeans */,
				B304E33428DB65590022CC84 /* IS&T */,
				B3BE54CD292015C800181ABD /* Task 3 - Schelling's model */,
				B304E33328DB65590022CC84 /* Products */,
			);
			sourceTree = "<group>";
		};
		B304E33328DB65590022CC84 /* Products */ = {
			isa = PBXGroup;
			children = (
				B304E33228DB65590022CC84 /* IS&T */,
				B3BE54CC292015C800181ABD /* Task 3 - Schelling's model.app */,
				B336E7492937998800258382 /* TicTacToe.app */,
			);
			name = Products;
			sourceTree = "<group>";
		};
		B304E33428DB65590022CC84 /* IS&T */ = {
			isa = PBXGroup;
			children = (
				B304E33528DB65590022CC84 /* main.swift */,
			);
			path = "IS&T";
			sourceTree = "<group>";
		};
		B31255C528EDDCA000AE8E5B /* K-Means */ = {
			isa = PBXGroup;
			children = (
				B31255C328EDDC9200AE8E5B /* KMeans.swift */,
				B31255C628EDDCC200AE8E5B /* KMeansModels.swift */,
			);
			path = "K-Means";
			sourceTree = "<group>";
		};
		B31255CA28EDE36000AE8E5B /* DataSets */ = {
			isa = PBXGroup;
			children = (
				B31255C828EDE0BB00AE8E5B /* GetData.swift */,
				B3BD1EA1290053C400AFBE13 /* README.md */,
				B31255CB28EDE38A00AE8E5B /* DataSetKMeans.csv */,
			);
			path = DataSets;
			sourceTree = "<group>";
		};
		B336E74A2937998800258382 /* TicTacToe */ = {
			isa = PBXGroup;
			children = (
				B336E74B2937998800258382 /* TicTacToeApp.swift */,
				B336E74D2937998800258382 /* ContentView.swift */,
				B336E75929379A4400258382 /* FieldView.swift */,
				B336E74F2937998900258382 /* Assets.xcassets */,
				B336E7542937998900258382 /* TicTacToe.entitlements */,
				B336E7512937998900258382 /* Preview Content */,
			);
			path = TicTacToe;
			sourceTree = "<group>";
		};
		B336E7512937998900258382 /* Preview Content */ = {
			isa = PBXGroup;
			children = (
				B336E7522937998900258382 /* Preview Assets.xcassets */,
			);
			path = "Preview Content";
			sourceTree = "<group>";
		};
		B3BD1EA02900413D00AFBE13 /* Task 1 - kMeans */ = {
			isa = PBXGroup;
			children = (
				B31255C528EDDCA000AE8E5B /* K-Means */,
				B31255CA28EDE36000AE8E5B /* DataSets */,
			);
			path = "Task 1 - kMeans";
			sourceTree = "<group>";
		};
		B3BE54CD292015C800181ABD /* Task 3 - Schelling's model */ = {
			isa = PBXGroup;
			children = (
				B3BE54CE292015C800181ABD /* SchellingModelApp.swift */,
				B3BE54D0292015C800181ABD /* ContentView.swift */,
				B3BE54D2292015C900181ABD /* Assets.xcassets */,
				B3BE54D7292015C900181ABD /* Task_3___Schelling_s_model.entitlements */,
				B3BE54D4292015C900181ABD /* Preview Content */,
			);
			path = "Task 3 - Schelling's model";
			sourceTree = "<group>";
		};
		B3BE54D4292015C900181ABD /* Preview Content */ = {
			isa = PBXGroup;
			children = (
				B3BE54D5292015C900181ABD /* Preview Assets.xcassets */,
			);
			path = "Preview Content";
			sourceTree = "<group>";
		};
		B3F64C982911A123007D114D /* Task 2 - vkGraph */ = {
			isa = PBXGroup;
			children = (
				B3F64C9A2911A174007D114D /* VkGraph.swift */,
				B3F64C9C2911A18A007D114D /* VkGraphModels.swift */,
				B3D4667129251F3B00D4FFCC /* Graph.swift */,
				B3F64CA12911A244007D114D /* NetworkService.swift */,
				B3F64CA32911A2D6007D114D /* NetworkModels.swift */,
			);
			path = "Task 2 - vkGraph";
			sourceTree = "<group>";
		};
/* End PBXGroup section */

/* Begin PBXNativeTarget section */
		B304E33128DB65590022CC84 /* IS&T */ = {
			isa = PBXNativeTarget;
			buildConfigurationList = B304E33928DB65590022CC84 /* Build configuration list for PBXNativeTarget "IS&T" */;
			buildPhases = (
				B304E32E28DB65590022CC84 /* Sources */,
				B304E32F28DB65590022CC84 /* Frameworks */,
				B304E33028DB65590022CC84 /* CopyFiles */,
			);
			buildRules = (
			);
			dependencies = (
			);
			name = "IS&T";
			packageProductDependencies = (
				B31255CD28EDE79C00AE8E5B /* CSV */,
				B3F64C9F2911A221007D114D /* Alamofire */,
			);
			productName = "IS&T";
			productReference = B304E33228DB65590022CC84 /* IS&T */;
			productType = "com.apple.product-type.tool";
		};
		B336E7482937998800258382 /* TicTacToe */ = {
			isa = PBXNativeTarget;
			buildConfigurationList = B336E7552937998900258382 /* Build configuration list for PBXNativeTarget "TicTacToe" */;
			buildPhases = (
				B336E7452937998800258382 /* Sources */,
				B336E7462937998800258382 /* Frameworks */,
				B336E7472937998800258382 /* Resources */,
			);
			buildRules = (
			);
			dependencies = (
			);
			name = TicTacToe;
			productName = TicTacToe;
			productReference = B336E7492937998800258382 /* TicTacToe.app */;
			productType = "com.apple.product-type.application";
		};
		B3BE54CB292015C800181ABD /* Task 3 - Schelling's model */ = {
			isa = PBXNativeTarget;
			buildConfigurationList = B3BE54D8292015C900181ABD /* Build configuration list for PBXNativeTarget "Task 3 - Schelling's model" */;
			buildPhases = (
				B3BE54C8292015C800181ABD /* Sources */,
				B3BE54C9292015C800181ABD /* Frameworks */,
				B3BE54CA292015C800181ABD /* Resources */,
			);
			buildRules = (
			);
			dependencies = (
			);
			name = "Task 3 - Schelling's model";
			productName = "Task 3 - Schelling's model";
			productReference = B3BE54CC292015C800181ABD /* Task 3 - Schelling's model.app */;
			productType = "com.apple.product-type.application";
		};
/* End PBXNativeTarget section */

/* Begin PBXProject section */
		B304E32A28DB65590022CC84 /* Project object */ = {
			isa = PBXProject;
			attributes = {
				BuildIndependentTargetsInParallel = 1;
				LastSwiftUpdateCheck = 1410;
				LastUpgradeCheck = 1410;
				TargetAttributes = {
					B304E33128DB65590022CC84 = {
						CreatedOnToolsVersion = 14.0;
					};
					B336E7482937998800258382 = {
						CreatedOnToolsVersion = 14.1;
					};
					B3BE54CB292015C800181ABD = {
						CreatedOnToolsVersion = 14.1;
					};
				};
			};
			buildConfigurationList = B304E32D28DB65590022CC84 /* Build configuration list for PBXProject "IS&T" */;
			compatibilityVersion = "Xcode 14.0";
			developmentRegion = en;
			hasScannedForEncodings = 0;
			knownRegions = (
				en,
				Base,
			);
			mainGroup = B304E32928DB65590022CC84;
			packageReferences = (
				B31255CC28EDE79C00AE8E5B /* XCRemoteSwiftPackageReference "CSV.swift" */,
				B3F64C9E2911A221007D114D /* XCRemoteSwiftPackageReference "Alamofire" */,
			);
			productRefGroup = B304E33328DB65590022CC84 /* Products */;
			projectDirPath = "";
			projectRoot = "";
			targets = (
				B304E33128DB65590022CC84 /* IS&T */,
				B3BE54CB292015C800181ABD /* Task 3 - Schelling's model */,
				B336E7482937998800258382 /* TicTacToe */,
			);
		};
/* End PBXProject section */

/* Begin PBXResourcesBuildPhase section */
		B336E7472937998800258382 /* Resources */ = {
			isa = PBXResourcesBuildPhase;
			buildActionMask = 2147483647;
			files = (
				B336E7532937998900258382 /* Preview Assets.xcassets in Resources */,
				B336E7502937998900258382 /* Assets.xcassets in Resources */,
			);
			runOnlyForDeploymentPostprocessing = 0;
		};
		B3BE54CA292015C800181ABD /* Resources */ = {
			isa = PBXResourcesBuildPhase;
			buildActionMask = 2147483647;
			files = (
				B3BE54D6292015C900181ABD /* Preview Assets.xcassets in Resources */,
				B3BE54D3292015C900181ABD /* Assets.xcassets in Resources */,
			);
			runOnlyForDeploymentPostprocessing = 0;
		};
/* End PBXResourcesBuildPhase section */

/* Begin PBXSourcesBuildPhase section */
		B304E32E28DB65590022CC84 /* Sources */ = {
			isa = PBXSourcesBuildPhase;
			buildActionMask = 2147483647;
			files = (
				B31255C428EDDC9200AE8E5B /* KMeans.swift in Sources */,
				B31255C728EDDCC200AE8E5B /* KMeansModels.swift in Sources */,
				B31255C928EDE0BB00AE8E5B /* GetData.swift in Sources */,
				B3F64C9B2911A174007D114D /* VkGraph.swift in Sources */,
				B3D4667229251F3B00D4FFCC /* Graph.swift in Sources */,
				B3F64CA42911A2D6007D114D /* NetworkModels.swift in Sources */,
				B304E33628DB65590022CC84 /* main.swift in Sources */,
				B3F64C9D2911A18A007D114D /* VkGraphModels.swift in Sources */,
				B3F64CA22911A244007D114D /* NetworkService.swift in Sources */,
			);
			runOnlyForDeploymentPostprocessing = 0;
		};
		B336E7452937998800258382 /* Sources */ = {
			isa = PBXSourcesBuildPhase;
			buildActionMask = 2147483647;
			files = (
				B336E74E2937998800258382 /* ContentView.swift in Sources */,
				B336E75A29379A4400258382 /* FieldView.swift in Sources */,
				B336E74C2937998800258382 /* TicTacToeApp.swift in Sources */,
			);
			runOnlyForDeploymentPostprocessing = 0;
		};
		B3BE54C8292015C800181ABD /* Sources */ = {
			isa = PBXSourcesBuildPhase;
			buildActionMask = 2147483647;
			files = (
				B3BE54D1292015C800181ABD /* ContentView.swift in Sources */,
				B3BE54CF292015C800181ABD /* SchellingModelApp.swift in Sources */,
			);
			runOnlyForDeploymentPostprocessing = 0;
		};
/* End PBXSourcesBuildPhase section */

/* Begin XCBuildConfiguration section */
		B304E33728DB65590022CC84 /* Debug */ = {
			isa = XCBuildConfiguration;
			buildSettings = {
				ALWAYS_SEARCH_USER_PATHS = NO;
				CLANG_ANALYZER_NONNULL = YES;
				CLANG_ANALYZER_NUMBER_OBJECT_CONVERSION = YES_AGGRESSIVE;
				CLANG_CXX_LANGUAGE_STANDARD = "gnu++20";
				CLANG_ENABLE_MODULES = YES;
				CLANG_ENABLE_OBJC_ARC = YES;
				CLANG_ENABLE_OBJC_WEAK = YES;
				CLANG_WARN_BLOCK_CAPTURE_AUTORELEASING = YES;
				CLANG_WARN_BOOL_CONVERSION = YES;
				CLANG_WARN_COMMA = YES;
				CLANG_WARN_CONSTANT_CONVERSION = YES;
				CLANG_WARN_DEPRECATED_OBJC_IMPLEMENTATIONS = YES;
				CLANG_WARN_DIRECT_OBJC_ISA_USAGE = YES_ERROR;
				CLANG_WARN_DOCUMENTATION_COMMENTS = YES;
				CLANG_WARN_EMPTY_BODY = YES;
				CLANG_WARN_ENUM_CONVERSION = YES;
				CLANG_WARN_INFINITE_RECURSION = YES;
				CLANG_WARN_INT_CONVERSION = YES;
				CLANG_WARN_NON_LITERAL_NULL_CONVERSION = YES;
				CLANG_WARN_OBJC_IMPLICIT_RETAIN_SELF = YES;
				CLANG_WARN_OBJC_LITERAL_CONVERSION = YES;
				CLANG_WARN_OBJC_ROOT_CLASS = YES_ERROR;
				CLANG_WARN_QUOTED_INCLUDE_IN_FRAMEWORK_HEADER = YES;
				CLANG_WARN_RANGE_LOOP_ANALYSIS = YES;
				CLANG_WARN_STRICT_PROTOTYPES = YES;
				CLANG_WARN_SUSPICIOUS_MOVE = YES;
				CLANG_WARN_UNGUARDED_AVAILABILITY = YES_AGGRESSIVE;
				CLANG_WARN_UNREACHABLE_CODE = YES;
				CLANG_WARN__DUPLICATE_METHOD_MATCH = YES;
				COPY_PHASE_STRIP = NO;
				DEAD_CODE_STRIPPING = YES;
				DEBUG_INFORMATION_FORMAT = dwarf;
				ENABLE_STRICT_OBJC_MSGSEND = YES;
				ENABLE_TESTABILITY = YES;
				GCC_C_LANGUAGE_STANDARD = gnu11;
				GCC_DYNAMIC_NO_PIC = NO;
				GCC_NO_COMMON_BLOCKS = YES;
				GCC_OPTIMIZATION_LEVEL = 0;
				GCC_PREPROCESSOR_DEFINITIONS = (
					"DEBUG=1",
					"$(inherited)",
				);
				GCC_WARN_64_TO_32_BIT_CONVERSION = YES;
				GCC_WARN_ABOUT_RETURN_TYPE = YES_ERROR;
				GCC_WARN_UNDECLARED_SELECTOR = YES;
				GCC_WARN_UNINITIALIZED_AUTOS = YES_AGGRESSIVE;
				GCC_WARN_UNUSED_FUNCTION = YES;
				GCC_WARN_UNUSED_VARIABLE = YES;
				MACOSX_DEPLOYMENT_TARGET = 12.3;
				MTL_ENABLE_DEBUG_INFO = INCLUDE_SOURCE;
				MTL_FAST_MATH = YES;
				ONLY_ACTIVE_ARCH = YES;
				SDKROOT = macosx;
				SWIFT_ACTIVE_COMPILATION_CONDITIONS = DEBUG;
				SWIFT_OPTIMIZATION_LEVEL = "-Onone";
			};
			name = Debug;
		};
		B304E33828DB65590022CC84 /* Release */ = {
			isa = XCBuildConfiguration;
			buildSettings = {
				ALWAYS_SEARCH_USER_PATHS = NO;
				CLANG_ANALYZER_NONNULL = YES;
				CLANG_ANALYZER_NUMBER_OBJECT_CONVERSION = YES_AGGRESSIVE;
				CLANG_CXX_LANGUAGE_STANDARD = "gnu++20";
				CLANG_ENABLE_MODULES = YES;
				CLANG_ENABLE_OBJC_ARC = YES;
				CLANG_ENABLE_OBJC_WEAK = YES;
				CLANG_WARN_BLOCK_CAPTURE_AUTORELEASING = YES;
				CLANG_WARN_BOOL_CONVERSION = YES;
				CLANG_WARN_COMMA = YES;
				CLANG_WARN_CONSTANT_CONVERSION = YES;
				CLANG_WARN_DEPRECATED_OBJC_IMPLEMENTATIONS = YES;
				CLANG_WARN_DIRECT_OBJC_ISA_USAGE = YES_ERROR;
				CLANG_WARN_DOCUMENTATION_COMMENTS = YES;
				CLANG_WARN_EMPTY_BODY = YES;
				CLANG_WARN_ENUM_CONVERSION = YES;
				CLANG_WARN_INFINITE_RECURSION = YES;
				CLANG_WARN_INT_CONVERSION = YES;
				CLANG_WARN_NON_LITERAL_NULL_CONVERSION = YES;
				CLANG_WARN_OBJC_IMPLICIT_RETAIN_SELF = YES;
				CLANG_WARN_OBJC_LITERAL_CONVERSION = YES;
				CLANG_WARN_OBJC_ROOT_CLASS = YES_ERROR;
				CLANG_WARN_QUOTED_INCLUDE_IN_FRAMEWORK_HEADER = YES;
				CLANG_WARN_RANGE_LOOP_ANALYSIS = YES;
				CLANG_WARN_STRICT_PROTOTYPES = YES;
				CLANG_WARN_SUSPICIOUS_MOVE = YES;
				CLANG_WARN_UNGUARDED_AVAILABILITY = YES_AGGRESSIVE;
				CLANG_WARN_UNREACHABLE_CODE = YES;
				CLANG_WARN__DUPLICATE_METHOD_MATCH = YES;
				COPY_PHASE_STRIP = NO;
				DEAD_CODE_STRIPPING = YES;
				DEBUG_INFORMATION_FORMAT = "dwarf-with-dsym";
				ENABLE_NS_ASSERTIONS = NO;
				ENABLE_STRICT_OBJC_MSGSEND = YES;
				GCC_C_LANGUAGE_STANDARD = gnu11;
				GCC_NO_COMMON_BLOCKS = YES;
				GCC_WARN_64_TO_32_BIT_CONVERSION = YES;
				GCC_WARN_ABOUT_RETURN_TYPE = YES_ERROR;
				GCC_WARN_UNDECLARED_SELECTOR = YES;
				GCC_WARN_UNINITIALIZED_AUTOS = YES_AGGRESSIVE;
				GCC_WARN_UNUSED_FUNCTION = YES;
				GCC_WARN_UNUSED_VARIABLE = YES;
				MACOSX_DEPLOYMENT_TARGET = 12.3;
				MTL_ENABLE_DEBUG_INFO = NO;
				MTL_FAST_MATH = YES;
				SDKROOT = macosx;
				SWIFT_COMPILATION_MODE = wholemodule;
				SWIFT_OPTIMIZATION_LEVEL = "-O";
			};
			name = Release;
		};
		B304E33A28DB65590022CC84 /* Debug */ = {
			isa = XCBuildConfiguration;
			buildSettings = {
				CODE_SIGN_IDENTITY = "-";
				CODE_SIGN_STYLE = Automatic;
				DEAD_CODE_STRIPPING = YES;
				MACOSX_DEPLOYMENT_TARGET = 13.0;
				PRODUCT_NAME = "$(TARGET_NAME)";
				SWIFT_VERSION = 5.0;
			};
			name = Debug;
		};
		B304E33B28DB65590022CC84 /* Release */ = {
			isa = XCBuildConfiguration;
			buildSettings = {
				CODE_SIGN_IDENTITY = "-";
				CODE_SIGN_STYLE = Automatic;
				DEAD_CODE_STRIPPING = YES;
				MACOSX_DEPLOYMENT_TARGET = 13.0;
				PRODUCT_NAME = "$(TARGET_NAME)";
				SWIFT_VERSION = 5.0;
			};
			name = Release;
		};
		B336E7562937998900258382 /* Debug */ = {
			isa = XCBuildConfiguration;
			buildSettings = {
				ASSETCATALOG_COMPILER_APPICON_NAME = AppIcon;
				ASSETCATALOG_COMPILER_GLOBAL_ACCENT_COLOR_NAME = AccentColor;
				CODE_SIGN_ENTITLEMENTS = TicTacToe/TicTacToe.entitlements;
				CODE_SIGN_STYLE = Automatic;
				COMBINE_HIDPI_IMAGES = YES;
				CURRENT_PROJECT_VERSION = 1;
				DEVELOPMENT_ASSET_PATHS = "\"TicTacToe/Preview Content\"";
				ENABLE_PREVIEWS = YES;
				GENERATE_INFOPLIST_FILE = YES;
				INFOPLIST_KEY_NSHumanReadableCopyright = "";
				LD_RUNPATH_SEARCH_PATHS = (
					"$(inherited)",
					"@executable_path/../Frameworks",
				);
				MACOSX_DEPLOYMENT_TARGET = 13.0;
				MARKETING_VERSION = 1.0;
				PRODUCT_BUNDLE_IDENTIFIER = TM2D.TicTacToe;
				PRODUCT_NAME = "$(TARGET_NAME)";
				SWIFT_EMIT_LOC_STRINGS = YES;
				SWIFT_VERSION = 5.0;
			};
			name = Debug;
		};
		B336E7572937998900258382 /* Release */ = {
			isa = XCBuildConfiguration;
			buildSettings = {
				ASSETCATALOG_COMPILER_APPICON_NAME = AppIcon;
				ASSETCATALOG_COMPILER_GLOBAL_ACCENT_COLOR_NAME = AccentColor;
				CODE_SIGN_ENTITLEMENTS = TicTacToe/TicTacToe.entitlements;
				CODE_SIGN_STYLE = Automatic;
				COMBINE_HIDPI_IMAGES = YES;
				CURRENT_PROJECT_VERSION = 1;
				DEVELOPMENT_ASSET_PATHS = "\"TicTacToe/Preview Content\"";
				ENABLE_PREVIEWS = YES;
				GENERATE_INFOPLIST_FILE = YES;
				INFOPLIST_KEY_NSHumanReadableCopyright = "";
				LD_RUNPATH_SEARCH_PATHS = (
					"$(inherited)",
					"@executable_path/../Frameworks",
				);
				MACOSX_DEPLOYMENT_TARGET = 13.0;
				MARKETING_VERSION = 1.0;
				PRODUCT_BUNDLE_IDENTIFIER = TM2D.TicTacToe;
				PRODUCT_NAME = "$(TARGET_NAME)";
				SWIFT_EMIT_LOC_STRINGS = YES;
				SWIFT_VERSION = 5.0;
			};
			name = Release;
		};
		B3BE54D9292015C900181ABD /* Debug */ = {
			isa = XCBuildConfiguration;
			buildSettings = {
				ASSETCATALOG_COMPILER_APPICON_NAME = AppIcon;
				ASSETCATALOG_COMPILER_GLOBAL_ACCENT_COLOR_NAME = AccentColor;
				CODE_SIGN_ENTITLEMENTS = "Task 3 - Schelling's model/Task_3___Schelling_s_model.entitlements";
				CODE_SIGN_STYLE = Automatic;
				COMBINE_HIDPI_IMAGES = YES;
				CURRENT_PROJECT_VERSION = 1;
				DEVELOPMENT_ASSET_PATHS = "\"Task 3 - Schelling's model/Preview Content\"";
				ENABLE_PREVIEWS = YES;
				GENERATE_INFOPLIST_FILE = YES;
				INFOPLIST_KEY_NSHumanReadableCopyright = "";
				LD_RUNPATH_SEARCH_PATHS = (
					"$(inherited)",
					"@executable_path/../Frameworks",
				);
				MACOSX_DEPLOYMENT_TARGET = 13.0;
				MARKETING_VERSION = 1.0;
				PRODUCT_BUNDLE_IDENTIFIER = "TM2D.Task-3---Schelling-s-model";
				PRODUCT_NAME = "$(TARGET_NAME)";
				SWIFT_EMIT_LOC_STRINGS = YES;
				SWIFT_VERSION = 5.0;
			};
			name = Debug;
		};
		B3BE54DA292015C900181ABD /* Release */ = {
			isa = XCBuildConfiguration;
			buildSettings = {
				ASSETCATALOG_COMPILER_APPICON_NAME = AppIcon;
				ASSETCATALOG_COMPILER_GLOBAL_ACCENT_COLOR_NAME = AccentColor;
				CODE_SIGN_ENTITLEMENTS = "Task 3 - Schelling's model/Task_3___Schelling_s_model.entitlements";
				CODE_SIGN_STYLE = Automatic;
				COMBINE_HIDPI_IMAGES = YES;
				CURRENT_PROJECT_VERSION = 1;
				DEVELOPMENT_ASSET_PATHS = "\"Task 3 - Schelling's model/Preview Content\"";
				ENABLE_PREVIEWS = YES;
				GENERATE_INFOPLIST_FILE = YES;
				INFOPLIST_KEY_NSHumanReadableCopyright = "";
				LD_RUNPATH_SEARCH_PATHS = (
					"$(inherited)",
					"@executable_path/../Frameworks",
				);
				MACOSX_DEPLOYMENT_TARGET = 13.0;
				MARKETING_VERSION = 1.0;
				PRODUCT_BUNDLE_IDENTIFIER = "TM2D.Task-3---Schelling-s-model";
				PRODUCT_NAME = "$(TARGET_NAME)";
				SWIFT_EMIT_LOC_STRINGS = YES;
				SWIFT_VERSION = 5.0;
			};
			name = Release;
		};
/* End XCBuildConfiguration section */

/* Begin XCConfigurationList section */
		B304E32D28DB65590022CC84 /* Build configuration list for PBXProject "IS&T" */ = {
			isa = XCConfigurationList;
			buildConfigurations = (
				B304E33728DB65590022CC84 /* Debug */,
				B304E33828DB65590022CC84 /* Release */,
			);
			defaultConfigurationIsVisible = 0;
			defaultConfigurationName = Release;
		};
		B304E33928DB65590022CC84 /* Build configuration list for PBXNativeTarget "IS&T" */ = {
			isa = XCConfigurationList;
			buildConfigurations = (
				B304E33A28DB65590022CC84 /* Debug */,
				B304E33B28DB65590022CC84 /* Release */,
			);
			defaultConfigurationIsVisible = 0;
			defaultConfigurationName = Release;
		};
		B336E7552937998900258382 /* Build configuration list for PBXNativeTarget "TicTacToe" */ = {
			isa = XCConfigurationList;
			buildConfigurations = (
				B336E7562937998900258382 /* Debug */,
				B336E7572937998900258382 /* Release */,
			);
			defaultConfigurationIsVisible = 0;
			defaultConfigurationName = Release;
		};
		B3BE54D8292015C900181ABD /* Build configuration list for PBXNativeTarget "Task 3 - Schelling's model" */ = {
			isa = XCConfigurationList;
			buildConfigurations = (
				B3BE54D9292015C900181ABD /* Debug */,
				B3BE54DA292015C900181ABD /* Release */,
			);
			defaultConfigurationIsVisible = 0;
			defaultConfigurationName = Release;
		};
/* End XCConfigurationList section */

/* Begin XCRemoteSwiftPackageReference section */
		B31255CC28EDE79C00AE8E5B /* XCRemoteSwiftPackageReference "CSV.swift" */ = {
			isa = XCRemoteSwiftPackageReference;
			repositoryURL = "https://github.com/yaslab/CSV.swift.git";
			requirement = {
				kind = upToNextMajorVersion;
				minimumVersion = 2.0.0;
			};
		};
		B3F64C9E2911A221007D114D /* XCRemoteSwiftPackageReference "Alamofire" */ = {
			isa = XCRemoteSwiftPackageReference;
			repositoryURL = "https://github.com/Alamofire/Alamofire.git";
			requirement = {
				kind = upToNextMajorVersion;
				minimumVersion = 5.0.0;
			};
		};
/* End XCRemoteSwiftPackageReference section */

/* Begin XCSwiftPackageProductDependency section */
		B31255CD28EDE79C00AE8E5B /* CSV */ = {
			isa = XCSwiftPackageProductDependency;
			package = B31255CC28EDE79C00AE8E5B /* XCRemoteSwiftPackageReference "CSV.swift" */;
			productName = CSV;
		};
		B3F64C9F2911A221007D114D /* Alamofire */ = {
			isa = XCSwiftPackageProductDependency;
			package = B3F64C9E2911A221007D114D /* XCRemoteSwiftPackageReference "Alamofire" */;
			productName = Alamofire;
		};
/* End XCSwiftPackageProductDependency section */
	};
	rootObject = B304E32A28DB65590022CC84 /* Project object */;
}
